
Microsoft Visual Studio Solution File, Format Version 9.00
# Visual Studio 2005
Project("{8BC9CEB8-8B4A-11D0-8D11-00A0C91BC942}") = "Simple", "Simple\Simple.vcproj", "{7ACE4E08-D52C-4AC5-8C63-918F7EF3A5CF}"
EndProject
Project("{8BC9CEB8-8B4A-11D0-8D11-00A0C91BC942}") = "State", "State\State.vcproj", "{12A8AF2A-70B1-4D0D-BE1E-BCB9251DBC12}"
EndProject
Project("{8BC9CEB8-8B4A-11D0-8D11-00A0C91BC942}") = "Lighting", "Lighting\Lighting.vcproj", "{CC1E5AF2-C4FC-4AFB-9E74-03EBA93ED89E}"
EndProject
Project("{8BC9CEB8-8B4A-11D0-8D11-00A0C91BC942}") = "TextureMapping", "TextureMapping\TextureMapping.vcproj", "{47B4376D-4DF0-476A-A73B-3EE974E26793}"
EndProject
Project("{8BC9CEB8-8B4A-11D0-8D11-00A0C91BC942}") = "Text", "Text\Text.vcproj", "{450F03E5-1759-4C0A-88AD-5678FF30066B}"
EndProject
Project("{8BC9CEB8-8B4A-11D0-8D11-00A0C91BC942}") = "Viewer", "Viewer\Viewer.vcproj", "{213BFA25-1F44-4C94-90FC-DEE96DCD86F6}"
EndProject
Project("{8BC9CEB8-8B4A-11D0-8D11-00A0C91BC942}") = "Callback", "Callback\Callback.vcproj", "{37E10725-741F-4665-93BB-F8E1771C3019}"
EndProject
Project("{8BC9CEB8-8B4A-11D0-8D11-00A0C91BC942}") = "FindNode", "FindNode\FindNode.vcproj", "{737A74FE-9624-4189-9CE8-4A72FCFAC08C}"
EndProject
Project("{8BC9CEB8-8B4A-11D0-8D11-00A0C91BC942}") = "Picking", "Picking\Picking.vcproj", "{2ACC159C-D83C-4396-9783-6A4A87385723}"
EndProject
Global
	GlobalSection(SolutionConfigurationPlatforms) = preSolution
		Debug|Win32 = Debug|Win32
		Release|Win32 = Release|Win32
	EndGlobalSection
	GlobalSection(ProjectConfigurationPlatforms) = postSolution
		{7ACE4E08-D52C-4AC5-8C63-918F7EF3A5CF}.Debug|Win32.ActiveCfg = Debug|Win32
		{7ACE4E08-D52C-4AC5-8C63-918F7EF3A5CF}.Debug|Win32.Build.0 = Debug|Win32
		{7ACE4E08-D52C-4AC5-8C63-918F7EF3A5CF}.Release|Win32.ActiveCfg = Release|Win32
		{7ACE4E08-D52C-4AC5-8C63-918F7EF3A5CF}.Release|Win32.Build.0 = Release|Win32
		{12A8AF2A-70B1-4D0D-BE1E-BCB9251DBC12}.Debug|Win32.ActiveCfg = Debug|Win32
		{12A8AF2A-70B1-4D0D-BE1E-BCB9251DBC12}.Debug|Win32.Build.0 = Debug|Win32
		{12A8AF2A-70B1-4D0D-BE1E-BCB9251DBC12}.Release|Win32.ActiveCfg = Release|Win32
		{12A8AF2A-70B1-4D0D-BE1E-BCB9251DBC12}.Release|Win32.Build.0 = Release|Win32
		{CC1E5AF2-C4FC-4AFB-9E74-03EBA93ED89E}.Debug|Win32.ActiveCfg = Debug|Win32
		{CC1E5AF2-C4FC-4AFB-9E74-03EBA93ED89E}.Debug|Win32.Build.0 = Debug|Win32
		{CC1E5AF2-C4FC-4AFB-9E74-03EBA93ED89E}.Release|Win32.ActiveCfg = Release|Win32
		{CC1E5AF2-C4FC-4AFB-9E74-03EBA93ED89E}.Release|Win32.Build.0 = Release|Win32
		{47B4376D-4DF0-476A-A73B-3EE974E26793}.Debug|Win32.ActiveCfg = Debug|Win32
		{47B4376D-4DF0-476A-A73B-3EE974E26793}.Debug|Win32.Build.0 = Debug|Win32
		{47B4376D-4DF0-476A-A73B-3EE974E26793}.Release|Win32.ActiveCfg = Release|Win32
		{47B4376D-4DF0-476A-A73B-3EE974E26793}.Release|Win32.Build.0 = Release|Win32
		{450F03E5-1759-4C0A-88AD-5678FF30066B}.Debug|Win32.ActiveCfg = Debug|Win32
		{450F03E5-1759-4C0A-88AD-5678FF30066B}.Debug|Win32.Build.0 = Debug|Win32
		{450F03E5-1759-4C0A-88AD-5678FF30066B}.Release|Win32.ActiveCfg = Release|Win32
		{450F03E5-1759-4C0A-88AD-5678FF30066B}.Release|Win32.Build.0 = Release|Win32
		{213BFA25-1F44-4C94-90FC-DEE96DCD86F6}.Debug|Win32.ActiveCfg = Debug|Win32
		{213BFA25-1F44-4C94-90FC-DEE96DCD86F6}.Debug|Win32.Build.0 = Debug|Win32
		{213BFA25-1F44-4C94-90FC-DEE96DCD86F6}.Release|Win32.ActiveCfg = Release|Win32
		{213BFA25-1F44-4C94-90FC-DEE96DCD86F6}.Release|Win32.Build.0 = Release|Win32
		{37E10725-741F-4665-93BB-F8E1771C3019}.Debug|Win32.ActiveCfg = Debug|Win32
		{37E10725-741F-4665-93BB-F8E1771C3019}.Debug|Win32.Build.0 = Debug|Win32
		{37E10725-741F-4665-93BB-F8E1771C3019}.Release|Win32.ActiveCfg = Release|Win32
		{37E10725-741F-4665-93BB-F8E1771C3019}.Release|Win32.Build.0 = Release|Win32
		{737A74FE-9624-4189-9CE8-4A72FCFAC08C}.Debug|Win32.ActiveCfg = Debug|Win32
		{737A74FE-9624-4189-9CE8-4A72FCFAC08C}.Debug|Win32.Build.0 = Debug|Win32
		{737A74FE-9624-4189-9CE8-4A72FCFAC08C}.Release|Win32.ActiveCfg = Release|Win32
		{737A74FE-9624-4189-9CE8-4A72FCFAC08C}.Release|Win32.Build.0 = Release|Win32
		{2ACC159C-D83C-4396-9783-6A4A87385723}.Debug|Win32.ActiveCfg = Debug|Win32
		{2ACC159C-D83C-4396-9783-6A4A87385723}.Debug|Win32.Build.0 = Debug|Win32
		{2ACC159C-D83C-4396-9783-6A4A87385723}.Release|Win32.ActiveCfg = Release|Win32
		{2ACC159C-D83C-4396-9783-6A4A87385723}.Release|Win32.Build.0 = Release|Win32
	EndGlobalSection
	GlobalSection(SolutionProperties) = preSolution
		HideSolutionNode = FALSE
	EndGlobalSection
EndGlobal
